
Microsoft Visual Studio Solution File, Format Version 12.00
# Visual Studio Version 17
VisualStudioVersion = 17.0.31912.275
MinimumVisualStudioVersion = 10.0.40219.1
Project("{8BC9CEB8-8B4A-11D0-8D11-00A0C91BC942}") = "Baekjoon", "Baekjoon.vcxproj", "{B4C8D608-1C26-4330-AE74-E32B860E3B78}"
EndProject
Global
	GlobalSection(SolutionConfigurationPlatforms) = preSolution
		Debug|x64 = Debug|x64
		Debug|x86 = Debug|x86
		Release|x64 = Release|x64
		Release|x86 = Release|x86
	EndGlobalSection
	GlobalSection(ProjectConfigurationPlatforms) = postSolution
		{B4C8D608-1C26-4330-AE74-E32B860E3B78}.Debug|x64.ActiveCfg = Debug|x64
		{B4C8D608-1C26-4330-AE74-E32B860E3B78}.Debug|x64.Build.0 = Debug|x64
		{B4C8D608-1C26-4330-AE74-E32B860E3B78}.Debug|x86.ActiveCfg = Debug|Win32
		{B4C8D608-1C26-4330-AE74-E32B860E3B78}.Debug|x86.Build.0 = Debug|Win32
		{B4C8D608-1C26-4330-AE74-E32B860E3B78}.Release|x64.ActiveCfg = Release|x64
		{B4C8D608-1C26-4330-AE74-E32B860E3B78}.Release|x64.Build.0 = Release|x64
		{B4C8D608-1C26-4330-AE74-E32B860E3B78}.Release|x86.ActiveCfg = Release|Win32
		{B4C8D608-1C26-4330-AE74-E32B860E3B78}.Release|x86.Build.0 = Release|Win32
	EndGlobalSection
	GlobalSection(SolutionProperties) = preSolution
		HideSolutionNode = FALSE
	EndGlobalSection
	GlobalSection(ExtensibilityGlobals) = postSolution
		SolutionGuid = {C5EE399F-9DC0-4B21-8746-569CCDC527B6}
	EndGlobalSection
EndGlobal
