<?xml version="1.0" encoding="utf-8"?>
<Project ToolsVersion="4.0" xmlns="http://schemas.microsoft.com/developer/msbuild/2003">
  <ItemGroup>
    <Filter Include="소스 파일">
      <UniqueIdentifier>{4FC737F1-C7A5-4376-A066-2A32D752A2FF}</UniqueIdentifier>
      <Extensions>cpp;c;cc;cxx;c++;cppm;ixx;def;odl;idl;hpj;bat;asm;asmx</Extensions>
    </Filter>
    <Filter Include="헤더 파일">
      <UniqueIdentifier>{93995380-89BD-4b04-88EB-625FBE52EBFB}</UniqueIdentifier>
      <Extensions>h;hh;hpp;hxx;h++;hm;inl;inc;ipp;xsd</Extensions>
    </Filter>
    <Filter Include="리소스 파일">
      <UniqueIdentifier>{67DA6AB6-F800-4c08-8B7A-83BB121AAD01}</UniqueIdentifier>
      <Extensions>rc;ico;cur;bmp;dlg;rc2;rct;bin;rgs;gif;jpg;jpeg;jpe;resx;tiff;tif;png;wav;mfcribbon-ms</Extensions>
    </Filter>
    <Filter Include="소스 파일\Solved.ac">
      <UniqueIdentifier>{8884270e-02a1-4250-9db5-724bedf06cc2}</UniqueIdentifier>
    </Filter>
    <Filter Include="소스 파일\Solved.ac\Class1">
      <UniqueIdentifier>{442060e4-6c15-42d5-b596-b6c60725254b}</UniqueIdentifier>
    </Filter>
    <Filter Include="소스 파일\Solved.ac\WorkBook">
      <UniqueIdentifier>{dbc6f6b0-995c-47c0-8102-0bfd5beac5b3}</UniqueIdentifier>
    </Filter>
    <Filter Include="소스 파일\Solved.ac\WorkBook\DataStructure">
      <UniqueIdentifier>{fbaa7126-c32c-434e-a267-fcd5484c3f83}</UniqueIdentifier>
    </Filter>
    <Filter Include="소스 파일\Solved.ac\Class2">
      <UniqueIdentifier>{fa2cac57-cc21-44ef-8484-dbc52cb59476}</UniqueIdentifier>
    </Filter>
    <Filter Include="소스 파일\Solved.ac\Class3">
      <UniqueIdentifier>{c1b0989c-f852-42d9-8c2b-b3525cca6a46}</UniqueIdentifier>
    </Filter>
    <Filter Include="소스 파일\단계별로풀기">
      <UniqueIdentifier>{4e9c47fa-a27c-4e69-a626-a6a235af03ad}</UniqueIdentifier>
    </Filter>
    <Filter Include="소스 파일\단계별로풀기\재귀">
      <UniqueIdentifier>{e8ada894-7b8d-4524-b5da-b010fdbd88f2}</UniqueIdentifier>
    </Filter>
  </ItemGroup>
  <ItemGroup>
    <ClCompile Include="1000번 A+B.cpp">
      <Filter>소스 파일\Solved.ac\Class1</Filter>
    </ClCompile>
    <ClCompile Include="1001번 A-B.cpp">
      <Filter>소스 파일\Solved.ac\Class1</Filter>
    </ClCompile>
    <ClCompile Include="1008번 A나누기B.cpp">
      <Filter>소스 파일\Solved.ac\Class1</Filter>
    </ClCompile>
    <ClCompile Include="1152번 단어의 개수.cpp">
      <Filter>소스 파일\Solved.ac\Class1</Filter>
    </ClCompile>
    <ClCompile Include="1157번 단어 공부.cpp">
      <Filter>소스 파일\Solved.ac\Class1</Filter>
    </ClCompile>
    <ClCompile Include="1330번 두 수 비교하기.cpp">
      <Filter>소스 파일\Solved.ac\Class1</Filter>
    </ClCompile>
    <ClCompile Include="1546번 평균.cpp">
      <Filter>소스 파일\Solved.ac\Class1</Filter>
    </ClCompile>
    <ClCompile Include="2438번 별 찍기 1.cpp">
      <Filter>소스 파일\Solved.ac\Class1</Filter>
    </ClCompile>
    <ClCompile Include="2439번 별 찍기 2.cpp">
      <Filter>소스 파일\Solved.ac\Class1</Filter>
    </ClCompile>
    <ClCompile Include="2475번 검증수.cpp">
      <Filter>소스 파일\Solved.ac\Class1</Filter>
    </ClCompile>
    <ClCompile Include="2557번 Hello World.cpp">
      <Filter>소스 파일\Solved.ac\Class1</Filter>
    </ClCompile>
    <ClCompile Include="2562번 최댓값.cpp">
      <Filter>소스 파일\Solved.ac\Class1</Filter>
    </ClCompile>
    <ClCompile Include="2577번 숫자의 개수.cpp">
      <Filter>소스 파일\Solved.ac\Class1</Filter>
    </ClCompile>
    <ClCompile Include="2675번 문자열 반복.cpp">
      <Filter>소스 파일\Solved.ac\Class1</Filter>
    </ClCompile>
    <ClCompile Include="2739번 구구단.cpp">
      <Filter>소스 파일\Solved.ac\Class1</Filter>
    </ClCompile>
    <ClCompile Include="2741번 N 찍기.cpp">
      <Filter>소스 파일\Solved.ac\Class1</Filter>
    </ClCompile>
    <ClCompile Include="2742번 기찍 N.cpp">
      <Filter>소스 파일\Solved.ac\Class1</Filter>
    </ClCompile>
    <ClCompile Include="2753번 윤년.cpp">
      <Filter>소스 파일\Solved.ac\Class1</Filter>
    </ClCompile>
    <ClCompile Include="1158번 요세푸스 문제.cpp">
      <Filter>소스 파일\Solved.ac\WorkBook\DataStructure</Filter>
    </ClCompile>
    <ClCompile Include="1874번 스택 수열 %28미해결%29.cpp">
      <Filter>소스 파일\Solved.ac\WorkBook\DataStructure</Filter>
    </ClCompile>
    <ClCompile Include="1935번 후위표기식2.cpp">
      <Filter>소스 파일\Solved.ac\WorkBook\DataStructure</Filter>
    </ClCompile>
    <ClCompile Include="1966번 프린터 큐.cpp">
      <Filter>소스 파일\Solved.ac\WorkBook\DataStructure</Filter>
    </ClCompile>
    <ClCompile Include="2164번 카드2.cpp">
      <Filter>소스 파일\Solved.ac\WorkBook\DataStructure</Filter>
    </ClCompile>
    <ClCompile Include="2346번 풍선 터뜨리기%28미해결%29.cpp">
      <Filter>소스 파일\Solved.ac\WorkBook\DataStructure</Filter>
    </ClCompile>
    <ClCompile Include="9012번 괄호.cpp">
      <Filter>소스 파일\Solved.ac\WorkBook\DataStructure</Filter>
    </ClCompile>
    <ClCompile Include="10799번 쇠막대기.cpp">
      <Filter>소스 파일\Solved.ac\WorkBook\DataStructure</Filter>
    </ClCompile>
    <ClCompile Include="10828번 스택.cpp">
      <Filter>소스 파일\Solved.ac\WorkBook\DataStructure</Filter>
    </ClCompile>
    <ClCompile Include="10866번 덱.cpp">
      <Filter>소스 파일\Solved.ac\WorkBook\DataStructure</Filter>
    </ClCompile>
    <ClCompile Include="18258번 큐 2.cpp">
      <Filter>소스 파일\Solved.ac\WorkBook\DataStructure</Filter>
    </ClCompile>
    <ClCompile Include="2920번 음계.cpp">
      <Filter>소스 파일\Solved.ac\Class1</Filter>
    </ClCompile>
    <ClCompile Include="8985번 OX퀴즈.cpp">
      <Filter>소스 파일\Solved.ac\Class1</Filter>
    </ClCompile>
    <ClCompile Include="10818번 최소, 최대.cpp">
      <Filter>소스 파일\Solved.ac\Class1</Filter>
    </ClCompile>
    <ClCompile Include="10869번 사칙연산.cpp">
      <Filter>소스 파일\Solved.ac\Class1</Filter>
    </ClCompile>
    <ClCompile Include="10950번 A+B -3.cpp">
      <Filter>소스 파일\Solved.ac\Class1</Filter>
    </ClCompile>
    <ClCompile Include="10951번 A+B -4.cpp">
      <Filter>소스 파일\Solved.ac\Class1</Filter>
    </ClCompile>
    <ClCompile Include="10952번 A+B -5.cpp">
      <Filter>소스 파일\Solved.ac\Class1</Filter>
    </ClCompile>
    <ClCompile Include="11854번 아스키 코드.cpp">
      <Filter>소스 파일\Solved.ac\Class1</Filter>
    </ClCompile>
    <ClCompile Include="11720번 숫자의 합.cpp">
      <Filter>소스 파일\Solved.ac\Class1</Filter>
    </ClCompile>
    <ClCompile Include="1085번 직사각형에서 탈출.cpp">
      <Filter>소스 파일\Solved.ac\Class2</Filter>
    </ClCompile>
    <ClCompile Include="4153번 직각삼각형.cpp">
      <Filter>소스 파일\Solved.ac\Class2</Filter>
    </ClCompile>
    <ClCompile Include="2231번 분해합.cpp">
      <Filter>소스 파일\Solved.ac\Class2</Filter>
    </ClCompile>
    <ClCompile Include="2292번 벌집.cpp">
      <Filter>소스 파일\Solved.ac\Class2</Filter>
    </ClCompile>
    <ClCompile Include="16928번 뱀과 사다리 게임%28미완%29.cpp">
      <Filter>소스 파일\Solved.ac\Class3</Filter>
    </ClCompile>
    <ClCompile Include="1602번 나는야 포켓몬 마스터 이다솜.cpp">
      <Filter>소스 파일\Solved.ac\WorkBook\DataStructure</Filter>
    </ClCompile>
    <ClCompile Include="1302번 베스트셀러.cpp">
      <Filter>소스 파일\Solved.ac\WorkBook\DataStructure</Filter>
    </ClCompile>
    <ClCompile Include="1316번 그룹 단어 체커.cpp">
      <Filter>소스 파일\Solved.ac\WorkBook\DataStructure</Filter>
    </ClCompile>
    <ClCompile Include="1764번 듣보잡.cpp">
      <Filter>소스 파일\Solved.ac\WorkBook\DataStructure</Filter>
    </ClCompile>
    <ClCompile Include="10815번 숫자 카드.cpp">
      <Filter>소스 파일\Solved.ac\WorkBook\DataStructure</Filter>
    </ClCompile>
    <ClCompile Include="7576번 토마토.cpp">
      <Filter>소스 파일\Solved.ac\Class3</Filter>
    </ClCompile>
    <ClCompile Include="1072번 게임.cpp">
      <Filter>소스 파일\Solved.ac\WorkBook\DataStructure</Filter>
    </ClCompile>
    <ClCompile Include="1003번 피보나치 함수.cpp">
      <Filter>소스 파일\Solved.ac\Class3</Filter>
    </ClCompile>
    <ClCompile Include="10872번 팩토리얼.cpp">
      <Filter>소스 파일\단계별로풀기\재귀</Filter>
    </ClCompile>
    <ClCompile Include="10870번 피보나치 수 5.cpp">
      <Filter>소스 파일\단계별로풀기\재귀</Filter>
    </ClCompile>
    <ClCompile Include="25501번 재귀의 귀재.cpp">
      <Filter>소스 파일\단계별로풀기\재귀</Filter>
    </ClCompile>
    <ClCompile Include="팰린드롬수 .cpp">
      <Filter>소스 파일\Solved.ac\Class2</Filter>
    </ClCompile>
    <ClCompile Include="소수 찾기.cpp">
      <Filter>소스 파일\Solved.ac\Class2</Filter>
    </ClCompile>
    <ClCompile Include="블랙잭.cpp">
      <Filter>소스 파일\Solved.ac\Class2</Filter>
    </ClCompile>
  </ItemGroup>
</Project>